// !$*UTF8*$!
{
	archiveVersion = 1;
	classes = {
	};
	objectVersion = 56;
	objects = {

/* Begin PBXBuildFile section */
		1D412DB32AC123E300373BAD /* BArray in Frameworks */ = {isa = PBXBuildFile; productRef = 1D412DB22AC123E300373BAD /* BArray */; };
		1D4262972ABFA13300508AD8 /* MessagesExampleApp.swift in Sources */ = {isa = PBXBuildFile; fileRef = 1D4262962ABFA13300508AD8 /* MessagesExampleApp.swift */; };
		1D4262992ABFA13300508AD8 /* ContentView.swift in Sources */ = {isa = PBXBuildFile; fileRef = 1D4262982ABFA13300508AD8 /* ContentView.swift */; };
		1D42629B2ABFA13500508AD8 /* Assets.xcassets in Resources */ = {isa = PBXBuildFile; fileRef = 1D42629A2ABFA13500508AD8 /* Assets.xcassets */; };
		1D42629F2ABFA13500508AD8 /* Preview Assets.xcassets in Resources */ = {isa = PBXBuildFile; fileRef = 1D42629E2ABFA13500508AD8 /* Preview Assets.xcassets */; };
		1D4262AC2ABFA47500508AD8 /* Message.swift in Sources */ = {isa = PBXBuildFile; fileRef = 1D4262AB2ABFA47500508AD8 /* Message.swift */; };
		1D42C6092AC1181D00ACDD03 /* MessagesService.swift in Sources */ = {isa = PBXBuildFile; fileRef = 1D42C6082AC1181D00ACDD03 /* MessagesService.swift */; };
		1D48645A2AC8784800BB7C32 /* MessagesViewModel.swift in Sources */ = {isa = PBXBuildFile; fileRef = 1D4864592AC8784800BB7C32 /* MessagesViewModel.swift */; };
/* End PBXBuildFile section */

/* Begin PBXFileReference section */
		1D4262932ABFA13300508AD8 /* MessagesExample.app */ = {isa = PBXFileReference; explicitFileType = wrapper.application; includeInIndex = 0; path = MessagesExample.app; sourceTree = BUILT_PRODUCTS_DIR; };
		1D4262962ABFA13300508AD8 /* MessagesExampleApp.swift */ = {isa = PBXFileReference; lastKnownFileType = sourcecode.swift; path = MessagesExampleApp.swift; sourceTree = "<group>"; };
		1D4262982ABFA13300508AD8 /* ContentView.swift */ = {isa = PBXFileReference; lastKnownFileType = sourcecode.swift; path = ContentView.swift; sourceTree = "<group>"; };
		1D42629A2ABFA13500508AD8 /* Assets.xcassets */ = {isa = PBXFileReference; lastKnownFileType = folder.assetcatalog; path = Assets.xcassets; sourceTree = "<group>"; };
		1D42629C2ABFA13500508AD8 /* MessagesExample.entitlements */ = {isa = PBXFileReference; lastKnownFileType = text.plist.entitlements; path = MessagesExample.entitlements; sourceTree = "<group>"; };
		1D42629E2ABFA13500508AD8 /* Preview Assets.xcassets */ = {isa = PBXFileReference; lastKnownFileType = folder.assetcatalog; path = "Preview Assets.xcassets"; sourceTree = "<group>"; };
		1D4262AB2ABFA47500508AD8 /* Message.swift */ = {isa = PBXFileReference; lastKnownFileType = sourcecode.swift; path = Message.swift; sourceTree = "<group>"; };
		1D42C6082AC1181D00ACDD03 /* MessagesService.swift */ = {isa = PBXFileReference; lastKnownFileType = sourcecode.swift; path = MessagesService.swift; sourceTree = "<group>"; };
		1D42C60B2AC1185400ACDD03 /* BArray */ = {isa = PBXFileReference; lastKnownFileType = wrapper; name = BArray; path = ../..; sourceTree = "<group>"; };
		1D4864592AC8784800BB7C32 /* MessagesViewModel.swift */ = {isa = PBXFileReference; lastKnownFileType = sourcecode.swift; path = MessagesViewModel.swift; sourceTree = "<group>"; };
/* End PBXFileReference section */

/* Begin PBXFrameworksBuildPhase section */
		1D4262902ABFA13300508AD8 /* Frameworks */ = {
			isa = PBXFrameworksBuildPhase;
			buildActionMask = 2147483647;
			files = (
				1D412DB32AC123E300373BAD /* BArray in Frameworks */,
			);
			runOnlyForDeploymentPostprocessing = 0;
		};
/* End PBXFrameworksBuildPhase section */

/* Begin PBXGroup section */
		1D412DB12AC123E300373BAD /* Frameworks */ = {
			isa = PBXGroup;
			children = (
			);
			name = Frameworks;
			sourceTree = "<group>";
		};
		1D42628A2ABFA13300508AD8 = {
			isa = PBXGroup;
			children = (
				1D42C60A2AC1185400ACDD03 /* Packages */,
				1D4262A92ABFA46100508AD8 /* Example */,
				1D4262952ABFA13300508AD8 /* MessagesExample */,
				1D4262942ABFA13300508AD8 /* Products */,
				1D412DB12AC123E300373BAD /* Frameworks */,
			);
			sourceTree = "<group>";
		};
		1D4262942ABFA13300508AD8 /* Products */ = {
			isa = PBXGroup;
			children = (
				1D4262932ABFA13300508AD8 /* MessagesExample.app */,
			);
			name = Products;
			sourceTree = "<group>";
		};
		1D4262952ABFA13300508AD8 /* MessagesExample */ = {
			isa = PBXGroup;
			children = (
				1D4262962ABFA13300508AD8 /* MessagesExampleApp.swift */,
				1D4262982ABFA13300508AD8 /* ContentView.swift */,
				1D42629A2ABFA13500508AD8 /* Assets.xcassets */,
				1D42629C2ABFA13500508AD8 /* MessagesExample.entitlements */,
				1D42629D2ABFA13500508AD8 /* Preview Content */,
			);
			path = MessagesExample;
			sourceTree = "<group>";
		};
		1D42629D2ABFA13500508AD8 /* Preview Content */ = {
			isa = PBXGroup;
			children = (
				1D42629E2ABFA13500508AD8 /* Preview Assets.xcassets */,
			);
			path = "Preview Content";
			sourceTree = "<group>";
		};
		1D4262A92ABFA46100508AD8 /* Example */ = {
			isa = PBXGroup;
			children = (
				1D4864582AC8782200BB7C32 /* Presentation */,
				1D42C6072AC117EA00ACDD03 /* Services */,
				1D4262AA2ABFA46B00508AD8 /* Model */,
			);
			path = Example;
			sourceTree = "<group>";
		};
		1D4262AA2ABFA46B00508AD8 /* Model */ = {
			isa = PBXGroup;
			children = (
				1D4262AB2ABFA47500508AD8 /* Message.swift */,
			);
			path = Model;
			sourceTree = "<group>";
		};
		1D42C6072AC117EA00ACDD03 /* Services */ = {
			isa = PBXGroup;
			children = (
				1D42C6082AC1181D00ACDD03 /* MessagesService.swift */,
			);
			path = Services;
			sourceTree = "<group>";
		};
		1D42C60A2AC1185400ACDD03 /* Packages */ = {
			isa = PBXGroup;
			children = (
				1D42C60B2AC1185400ACDD03 /* BArray */,
			);
			name = Packages;
			sourceTree = "<group>";
		};
		1D4864582AC8782200BB7C32 /* Presentation */ = {
			isa = PBXGroup;
			children = (
				1D4864592AC8784800BB7C32 /* MessagesViewModel.swift */,
			);
			path = Presentation;
			sourceTree = "<group>";
		};
/* End PBXGroup section */

/* Begin PBXNativeTarget section */
		1D4262922ABFA13300508AD8 /* MessagesExample */ = {
			isa = PBXNativeTarget;
			buildConfigurationList = 1D4262A22ABFA13500508AD8 /* Build configuration list for PBXNativeTarget "MessagesExample" */;
			buildPhases = (
				1D42628F2ABFA13300508AD8 /* Sources */,
				1D4262902ABFA13300508AD8 /* Frameworks */,
				1D4262912ABFA13300508AD8 /* Resources */,
			);
			buildRules = (
			);
			dependencies = (
			);
			name = MessagesExample;
			packageProductDependencies = (
				1D412DB22AC123E300373BAD /* BArray */,
			);
			productName = MessagesExample;
			productReference = 1D4262932ABFA13300508AD8 /* MessagesExample.app */;
			productType = "com.apple.product-type.application";
		};
/* End PBXNativeTarget section */

/* Begin PBXProject section */
		1D42628B2ABFA13300508AD8 /* Project object */ = {
			isa = PBXProject;
			attributes = {
				BuildIndependentTargetsInParallel = 1;
				LastSwiftUpdateCheck = 1430;
				LastUpgradeCheck = 1430;
				TargetAttributes = {
					1D4262922ABFA13300508AD8 = {
						CreatedOnToolsVersion = 14.3.1;
					};
				};
			};
			buildConfigurationList = 1D42628E2ABFA13300508AD8 /* Build configuration list for PBXProject "MessagesExample" */;
			compatibilityVersion = "Xcode 14.0";
			developmentRegion = en;
			hasScannedForEncodings = 0;
			knownRegions = (
				en,
				Base,
			);
			mainGroup = 1D42628A2ABFA13300508AD8;
			productRefGroup = 1D4262942ABFA13300508AD8 /* Products */;
			projectDirPath = "";
			projectRoot = "";
			targets = (
				1D4262922ABFA13300508AD8 /* MessagesExample */,
			);
		};
/* End PBXProject section */

/* Begin PBXResourcesBuildPhase section */
		1D4262912ABFA13300508AD8 /* Resources */ = {
			isa = PBXResourcesBuildPhase;
			buildActionMask = 2147483647;
			files = (
				1D42629F2ABFA13500508AD8 /* Preview Assets.xcassets in Resources */,
				1D42629B2ABFA13500508AD8 /* Assets.xcassets in Resources */,
			);
			runOnlyForDeploymentPostprocessing = 0;
		};
/* End PBXResourcesBuildPhase section */

/* Begin PBXSourcesBuildPhase section */
		1D42628F2ABFA13300508AD8 /* Sources */ = {
			isa = PBXSourcesBuildPhase;
			buildActionMask = 2147483647;
			files = (
				1D4262AC2ABFA47500508AD8 /* Message.swift in Sources */,
				1D42C6092AC1181D00ACDD03 /* MessagesService.swift in Sources */,
				1D48645A2AC8784800BB7C32 /* MessagesViewModel.swift in Sources */,
				1D4262992ABFA13300508AD8 /* ContentView.swift in Sources */,
				1D4262972ABFA13300508AD8 /* MessagesExampleApp.swift in Sources */,
			);
			runOnlyForDeploymentPostprocessing = 0;
		};
/* End PBXSourcesBuildPhase section */

/* Begin XCBuildConfiguration section */
		1D4262A02ABFA13500508AD8 /* Debug */ = {
			isa = XCBuildConfiguration;
			buildSettings = {
				ALWAYS_SEARCH_USER_PATHS = NO;
				CLANG_ANALYZER_NONNULL = YES;
				CLANG_ANALYZER_NUMBER_OBJECT_CONVERSION = YES_AGGRESSIVE;
				CLANG_CXX_LANGUAGE_STANDARD = "gnu++20";
				CLANG_ENABLE_MODULES = YES;
				CLANG_ENABLE_OBJC_ARC = YES;
				CLANG_ENABLE_OBJC_WEAK = YES;
				CLANG_WARN_BLOCK_CAPTURE_AUTORELEASING = YES;
				CLANG_WARN_BOOL_CONVERSION = YES;
				CLANG_WARN_COMMA = YES;
				CLANG_WARN_CONSTANT_CONVERSION = YES;
				CLANG_WARN_DEPRECATED_OBJC_IMPLEMENTATIONS = YES;
				CLANG_WARN_DIRECT_OBJC_ISA_USAGE = YES_ERROR;
				CLANG_WARN_DOCUMENTATION_COMMENTS = YES;
				CLANG_WARN_EMPTY_BODY = YES;
				CLANG_WARN_ENUM_CONVERSION = YES;
				CLANG_WARN_INFINITE_RECURSION = YES;
				CLANG_WARN_INT_CONVERSION = YES;
				CLANG_WARN_NON_LITERAL_NULL_CONVERSION = YES;
				CLANG_WARN_OBJC_IMPLICIT_RETAIN_SELF = YES;
				CLANG_WARN_OBJC_LITERAL_CONVERSION = YES;
				CLANG_WARN_OBJC_ROOT_CLASS = YES_ERROR;
				CLANG_WARN_QUOTED_INCLUDE_IN_FRAMEWORK_HEADER = YES;
				CLANG_WARN_RANGE_LOOP_ANALYSIS = YES;
				CLANG_WARN_STRICT_PROTOTYPES = YES;
				CLANG_WARN_SUSPICIOUS_MOVE = YES;
				CLANG_WARN_UNGUARDED_AVAILABILITY = YES_AGGRESSIVE;
				CLANG_WARN_UNREACHABLE_CODE = YES;
				CLANG_WARN__DUPLICATE_METHOD_MATCH = YES;
				COPY_PHASE_STRIP = NO;
				DEBUG_INFORMATION_FORMAT = dwarf;
				ENABLE_STRICT_OBJC_MSGSEND = YES;
				ENABLE_TESTABILITY = YES;
				GCC_C_LANGUAGE_STANDARD = gnu11;
				GCC_DYNAMIC_NO_PIC = NO;
				GCC_NO_COMMON_BLOCKS = YES;
				GCC_OPTIMIZATION_LEVEL = 0;
				GCC_PREPROCESSOR_DEFINITIONS = (
					"DEBUG=1",
					"$(inherited)",
				);
				GCC_WARN_64_TO_32_BIT_CONVERSION = YES;
				GCC_WARN_ABOUT_RETURN_TYPE = YES_ERROR;
				GCC_WARN_UNDECLARED_SELECTOR = YES;
				GCC_WARN_UNINITIALIZED_AUTOS = YES_AGGRESSIVE;
				GCC_WARN_UNUSED_FUNCTION = YES;
				GCC_WARN_UNUSED_VARIABLE = YES;
				MTL_ENABLE_DEBUG_INFO = INCLUDE_SOURCE;
				MTL_FAST_MATH = YES;
				ONLY_ACTIVE_ARCH = YES;
				SWIFT_ACTIVE_COMPILATION_CONDITIONS = DEBUG;
				SWIFT_OPTIMIZATION_LEVEL = "-Onone";
			};
			name = Debug;
		};
		1D4262A12ABFA13500508AD8 /* Release */ = {
			isa = XCBuildConfiguration;
			buildSettings = {
				ALWAYS_SEARCH_USER_PATHS = NO;
				CLANG_ANALYZER_NONNULL = YES;
				CLANG_ANALYZER_NUMBER_OBJECT_CONVERSION = YES_AGGRESSIVE;
				CLANG_CXX_LANGUAGE_STANDARD = "gnu++20";
				CLANG_ENABLE_MODULES = YES;
				CLANG_ENABLE_OBJC_ARC = YES;
				CLANG_ENABLE_OBJC_WEAK = YES;
				CLANG_WARN_BLOCK_CAPTURE_AUTORELEASING = YES;
				CLANG_WARN_BOOL_CONVERSION = YES;
				CLANG_WARN_COMMA = YES;
				CLANG_WARN_CONSTANT_CONVERSION = YES;
				CLANG_WARN_DEPRECATED_OBJC_IMPLEMENTATIONS = YES;
				CLANG_WARN_DIRECT_OBJC_ISA_USAGE = YES_ERROR;
				CLANG_WARN_DOCUMENTATION_COMMENTS = YES;
				CLANG_WARN_EMPTY_BODY = YES;
				CLANG_WARN_ENUM_CONVERSION = YES;
				CLANG_WARN_INFINITE_RECURSION = YES;
				CLANG_WARN_INT_CONVERSION = YES;
				CLANG_WARN_NON_LITERAL_NULL_CONVERSION = YES;
				CLANG_WARN_OBJC_IMPLICIT_RETAIN_SELF = YES;
				CLANG_WARN_OBJC_LITERAL_CONVERSION = YES;
				CLANG_WARN_OBJC_ROOT_CLASS = YES_ERROR;
				CLANG_WARN_QUOTED_INCLUDE_IN_FRAMEWORK_HEADER = YES;
				CLANG_WARN_RANGE_LOOP_ANALYSIS = YES;
				CLANG_WARN_STRICT_PROTOTYPES = YES;
				CLANG_WARN_SUSPICIOUS_MOVE = YES;
				CLANG_WARN_UNGUARDED_AVAILABILITY = YES_AGGRESSIVE;
				CLANG_WARN_UNREACHABLE_CODE = YES;
				CLANG_WARN__DUPLICATE_METHOD_MATCH = YES;
				COPY_PHASE_STRIP = NO;
				DEBUG_INFORMATION_FORMAT = "dwarf-with-dsym";
				ENABLE_NS_ASSERTIONS = NO;
				ENABLE_STRICT_OBJC_MSGSEND = YES;
				GCC_C_LANGUAGE_STANDARD = gnu11;
				GCC_NO_COMMON_BLOCKS = YES;
				GCC_WARN_64_TO_32_BIT_CONVERSION = YES;
				GCC_WARN_ABOUT_RETURN_TYPE = YES_ERROR;
				GCC_WARN_UNDECLARED_SELECTOR = YES;
				GCC_WARN_UNINITIALIZED_AUTOS = YES_AGGRESSIVE;
				GCC_WARN_UNUSED_FUNCTION = YES;
				GCC_WARN_UNUSED_VARIABLE = YES;
				MTL_ENABLE_DEBUG_INFO = NO;
				MTL_FAST_MATH = YES;
				SWIFT_COMPILATION_MODE = wholemodule;
				SWIFT_OPTIMIZATION_LEVEL = "-O";
			};
			name = Release;
		};
		1D4262A32ABFA13500508AD8 /* Debug */ = {
			isa = XCBuildConfiguration;
			buildSettings = {
				ASSETCATALOG_COMPILER_APPICON_NAME = AppIcon;
				ASSETCATALOG_COMPILER_GLOBAL_ACCENT_COLOR_NAME = AccentColor;
				CODE_SIGN_ENTITLEMENTS = MessagesExample/MessagesExample.entitlements;
				CODE_SIGN_STYLE = Automatic;
				CURRENT_PROJECT_VERSION = 1;
				DEVELOPMENT_ASSET_PATHS = "\"MessagesExample/Preview Content\"";
				DEVELOPMENT_TEAM = 259M5KH7D3;
				ENABLE_HARDENED_RUNTIME = YES;
				ENABLE_PREVIEWS = YES;
				GENERATE_INFOPLIST_FILE = YES;
				"INFOPLIST_KEY_UIApplicationSceneManifest_Generation[sdk=iphoneos*]" = YES;
				"INFOPLIST_KEY_UIApplicationSceneManifest_Generation[sdk=iphonesimulator*]" = YES;
				"INFOPLIST_KEY_UIApplicationSupportsIndirectInputEvents[sdk=iphoneos*]" = YES;
				"INFOPLIST_KEY_UIApplicationSupportsIndirectInputEvents[sdk=iphonesimulator*]" = YES;
				"INFOPLIST_KEY_UILaunchScreen_Generation[sdk=iphoneos*]" = YES;
				"INFOPLIST_KEY_UILaunchScreen_Generation[sdk=iphonesimulator*]" = YES;
				"INFOPLIST_KEY_UIStatusBarStyle[sdk=iphoneos*]" = UIStatusBarStyleDefault;
				"INFOPLIST_KEY_UIStatusBarStyle[sdk=iphonesimulator*]" = UIStatusBarStyleDefault;
				INFOPLIST_KEY_UISupportedInterfaceOrientations_iPad = "UIInterfaceOrientationPortrait UIInterfaceOrientationPortraitUpsideDown UIInterfaceOrientationLandscapeLeft UIInterfaceOrientationLandscapeRight";
				INFOPLIST_KEY_UISupportedInterfaceOrientations_iPhone = "UIInterfaceOrientationPortrait UIInterfaceOrientationLandscapeLeft UIInterfaceOrientationLandscapeRight";
				IPHONEOS_DEPLOYMENT_TARGET = 16.4;
				LD_RUNPATH_SEARCH_PATHS = "@executable_path/Frameworks";
				"LD_RUNPATH_SEARCH_PATHS[sdk=macosx*]" = "@executable_path/../Frameworks";
				MACOSX_DEPLOYMENT_TARGET = 13.0;
				MARKETING_VERSION = 1.0;
				PRODUCT_BUNDLE_IDENTIFIER = gustavoalens.MessagesExample;
				PRODUCT_NAME = "$(TARGET_NAME)";
				SDKROOT = auto;
				SUPPORTED_PLATFORMS = "iphoneos iphonesimulator macosx";
				SWIFT_EMIT_LOC_STRINGS = YES;
				SWIFT_VERSION = 5.0;
				TARGETED_DEVICE_FAMILY = "1,2";
			};
			name = Debug;
		};
		1D4262A42ABFA13500508AD8 /* Release */ = {
			isa = XCBuildConfiguration;
			buildSettings = {
				ASSETCATALOG_COMPILER_APPICON_NAME = AppIcon;
				ASSETCATALOG_COMPILER_GLOBAL_ACCENT_COLOR_NAME = AccentColor;
				CODE_SIGN_ENTITLEMENTS = MessagesExample/MessagesExample.entitlements;
				CODE_SIGN_STYLE = Automatic;
				CURRENT_PROJECT_VERSION = 1;
				DEVELOPMENT_ASSET_PATHS = "\"MessagesExample/Preview Content\"";
				DEVELOPMENT_TEAM = 259M5KH7D3;
				ENABLE_HARDENED_RUNTIME = YES;
				ENABLE_PREVIEWS = YES;
				GENERATE_INFOPLIST_FILE = YES;
				"INFOPLIST_KEY_UIApplicationSceneManifest_Generation[sdk=iphoneos*]" = YES;
				"INFOPLIST_KEY_UIApplicationSceneManifest_Generation[sdk=iphonesimulator*]" = YES;
				"INFOPLIST_KEY_UIApplicationSupportsIndirectInputEvents[sdk=iphoneos*]" = YES;
				"INFOPLIST_KEY_UIApplicationSupportsIndirectInputEvents[sdk=iphonesimulator*]" = YES;
				"INFOPLIST_KEY_UILaunchScreen_Generation[sdk=iphoneos*]" = YES;
				"INFOPLIST_KEY_UILaunchScreen_Generation[sdk=iphonesimulator*]" = YES;
				"INFOPLIST_KEY_UIStatusBarStyle[sdk=iphoneos*]" = UIStatusBarStyleDefault;
				"INFOPLIST_KEY_UIStatusBarStyle[sdk=iphonesimulator*]" = UIStatusBarStyleDefault;
				INFOPLIST_KEY_UISupportedInterfaceOrientations_iPad = "UIInterfaceOrientationPortrait UIInterfaceOrientationPortraitUpsideDown UIInterfaceOrientationLandscapeLeft UIInterfaceOrientationLandscapeRight";
				INFOPLIST_KEY_UISupportedInterfaceOrientations_iPhone = "UIInterfaceOrientationPortrait UIInterfaceOrientationLandscapeLeft UIInterfaceOrientationLandscapeRight";
				IPHONEOS_DEPLOYMENT_TARGET = 16.4;
				LD_RUNPATH_SEARCH_PATHS = "@executable_path/Frameworks";
				"LD_RUNPATH_SEARCH_PATHS[sdk=macosx*]" = "@executable_path/../Frameworks";
				MACOSX_DEPLOYMENT_TARGET = 13.0;
				MARKETING_VERSION = 1.0;
				PRODUCT_BUNDLE_IDENTIFIER = gustavoalens.MessagesExample;
				PRODUCT_NAME = "$(TARGET_NAME)";
				SDKROOT = auto;
				SUPPORTED_PLATFORMS = "iphoneos iphonesimulator macosx";
				SWIFT_EMIT_LOC_STRINGS = YES;
				SWIFT_VERSION = 5.0;
				TARGETED_DEVICE_FAMILY = "1,2";
			};
			name = Release;
		};
/* End XCBuildConfiguration section */

/* Begin XCConfigurationList section */
		1D42628E2ABFA13300508AD8 /* Build configuration list for PBXProject "MessagesExample" */ = {
			isa = XCConfigurationList;
			buildConfigurations = (
				1D4262A02ABFA13500508AD8 /* Debug */,
				1D4262A12ABFA13500508AD8 /* Release */,
			);
			defaultConfigurationIsVisible = 0;
			defaultConfigurationName = Release;
		};
		1D4262A22ABFA13500508AD8 /* Build configuration list for PBXNativeTarget "MessagesExample" */ = {
			isa = XCConfigurationList;
			buildConfigurations = (
				1D4262A32ABFA13500508AD8 /* Debug */,
				1D4262A42ABFA13500508AD8 /* Release */,
			);
			defaultConfigurationIsVisible = 0;
			defaultConfigurationName = Release;
		};
/* End XCConfigurationList section */

/* Begin XCSwiftPackageProductDependency section */
		1D412DB22AC123E300373BAD /* BArray */ = {
			isa = XCSwiftPackageProductDependency;
			productName = BArray;
		};
/* End XCSwiftPackageProductDependency section */
	};
	rootObject = 1D42628B2ABFA13300508AD8 /* Project object */;
}
